// !$*UTF8*$!
{
	archiveVersion = 1;
	classes = {
	};
	objectVersion = 56;
	objects = {

/* Begin PBXBuildFile section */
		380895172B61C6960056B2D7 /* FileManaging.swift in Sources */ = {isa = PBXBuildFile; fileRef = 380895162B61C6960056B2D7 /* FileManaging.swift */; };
		380895192B61C85D0056B2D7 /* Macros.swift in Sources */ = {isa = PBXBuildFile; fileRef = 380895182B61C85D0056B2D7 /* Macros.swift */; };
		381A9E5E2B649DFF005390EA /* Env.swift in Sources */ = {isa = PBXBuildFile; fileRef = 381A9E5D2B649DFF005390EA /* Env.swift */; };
		389D2CA42B5E951C00A01148 /* __Week_LearningApp.swift in Sources */ = {isa = PBXBuildFile; fileRef = 389D2CA32B5E951C00A01148 /* __Week_LearningApp.swift */; };
		389D2CA62B5E951C00A01148 /* ContentView.swift in Sources */ = {isa = PBXBuildFile; fileRef = 389D2CA52B5E951C00A01148 /* ContentView.swift */; };
		389D2CA82B5E951C00A01148 /* Item.swift in Sources */ = {isa = PBXBuildFile; fileRef = 389D2CA72B5E951C00A01148 /* Item.swift */; };
		389D2CAA2B5E951E00A01148 /* Assets.xcassets in Resources */ = {isa = PBXBuildFile; fileRef = 389D2CA92B5E951E00A01148 /* Assets.xcassets */; };
		389D2CAD2B5E951E00A01148 /* Preview Assets.xcassets in Resources */ = {isa = PBXBuildFile; fileRef = 389D2CAC2B5E951E00A01148 /* Preview Assets.xcassets */; };
		389D2CB72B5E951F00A01148 /* __Week_LearningTests.swift in Sources */ = {isa = PBXBuildFile; fileRef = 389D2CB62B5E951F00A01148 /* __Week_LearningTests.swift */; };
		389D2CC12B5E951F00A01148 /* __Week_LearningUITests.swift in Sources */ = {isa = PBXBuildFile; fileRef = 389D2CC02B5E951F00A01148 /* __Week_LearningUITests.swift */; };
		389D2CC32B5E951F00A01148 /* __Week_LearningUITestsLaunchTests.swift in Sources */ = {isa = PBXBuildFile; fileRef = 389D2CC22B5E951F00A01148 /* __Week_LearningUITestsLaunchTests.swift */; };
		389D2CD02B5E99BB00A01148 /* ChecklistView.swift in Sources */ = {isa = PBXBuildFile; fileRef = 389D2CCF2B5E99BB00A01148 /* ChecklistView.swift */; };
/* End PBXBuildFile section */

/* Begin PBXContainerItemProxy section */
		389D2CB32B5E951F00A01148 /* PBXContainerItemProxy */ = {
			isa = PBXContainerItemProxy;
			containerPortal = 389D2C982B5E951C00A01148 /* Project object */;
			proxyType = 1;
			remoteGlobalIDString = 389D2C9F2B5E951C00A01148;
			remoteInfo = "1 Week Learning";
		};
		389D2CBD2B5E951F00A01148 /* PBXContainerItemProxy */ = {
			isa = PBXContainerItemProxy;
			containerPortal = 389D2C982B5E951C00A01148 /* Project object */;
			proxyType = 1;
			remoteGlobalIDString = 389D2C9F2B5E951C00A01148;
			remoteInfo = "1 Week Learning";
		};
/* End PBXContainerItemProxy section */

/* Begin PBXFileReference section */
		380895162B61C6960056B2D7 /* FileManaging.swift */ = {isa = PBXFileReference; lastKnownFileType = sourcecode.swift; path = FileManaging.swift; sourceTree = "<group>"; };
		380895182B61C85D0056B2D7 /* Macros.swift */ = {isa = PBXFileReference; lastKnownFileType = sourcecode.swift; path = Macros.swift; sourceTree = "<group>"; };
		381A9E5D2B649DFF005390EA /* Env.swift */ = {isa = PBXFileReference; lastKnownFileType = sourcecode.swift; path = Env.swift; sourceTree = "<group>"; };
		389D2CA02B5E951C00A01148 /* 1 Week Learning.app */ = {isa = PBXFileReference; explicitFileType = wrapper.application; includeInIndex = 0; path = "1 Week Learning.app"; sourceTree = BUILT_PRODUCTS_DIR; };
		389D2CA32B5E951C00A01148 /* __Week_LearningApp.swift */ = {isa = PBXFileReference; lastKnownFileType = sourcecode.swift; path = __Week_LearningApp.swift; sourceTree = "<group>"; };
		389D2CA52B5E951C00A01148 /* ContentView.swift */ = {isa = PBXFileReference; lastKnownFileType = sourcecode.swift; path = ContentView.swift; sourceTree = "<group>"; };
		389D2CA72B5E951C00A01148 /* Item.swift */ = {isa = PBXFileReference; lastKnownFileType = sourcecode.swift; path = Item.swift; sourceTree = "<group>"; };
		389D2CA92B5E951E00A01148 /* Assets.xcassets */ = {isa = PBXFileReference; lastKnownFileType = folder.assetcatalog; path = Assets.xcassets; sourceTree = "<group>"; };
		389D2CAC2B5E951E00A01148 /* Preview Assets.xcassets */ = {isa = PBXFileReference; lastKnownFileType = folder.assetcatalog; path = "Preview Assets.xcassets"; sourceTree = "<group>"; };
		389D2CB22B5E951F00A01148 /* 1 Week LearningTests.xctest */ = {isa = PBXFileReference; explicitFileType = wrapper.cfbundle; includeInIndex = 0; path = "1 Week LearningTests.xctest"; sourceTree = BUILT_PRODUCTS_DIR; };
		389D2CB62B5E951F00A01148 /* __Week_LearningTests.swift */ = {isa = PBXFileReference; lastKnownFileType = sourcecode.swift; path = __Week_LearningTests.swift; sourceTree = "<group>"; };
		389D2CBC2B5E951F00A01148 /* 1 Week LearningUITests.xctest */ = {isa = PBXFileReference; explicitFileType = wrapper.cfbundle; includeInIndex = 0; path = "1 Week LearningUITests.xctest"; sourceTree = BUILT_PRODUCTS_DIR; };
		389D2CC02B5E951F00A01148 /* __Week_LearningUITests.swift */ = {isa = PBXFileReference; lastKnownFileType = sourcecode.swift; path = __Week_LearningUITests.swift; sourceTree = "<group>"; };
		389D2CC22B5E951F00A01148 /* __Week_LearningUITestsLaunchTests.swift */ = {isa = PBXFileReference; lastKnownFileType = sourcecode.swift; path = __Week_LearningUITestsLaunchTests.swift; sourceTree = "<group>"; };
		389D2CCF2B5E99BB00A01148 /* ChecklistView.swift */ = {isa = PBXFileReference; lastKnownFileType = sourcecode.swift; path = ChecklistView.swift; sourceTree = "<group>"; };
/* End PBXFileReference section */

/* Begin PBXFrameworksBuildPhase section */
		389D2C9D2B5E951C00A01148 /* Frameworks */ = {
			isa = PBXFrameworksBuildPhase;
			buildActionMask = 2147483647;
			files = (
			);
			runOnlyForDeploymentPostprocessing = 0;
		};
		389D2CAF2B5E951F00A01148 /* Frameworks */ = {
			isa = PBXFrameworksBuildPhase;
			buildActionMask = 2147483647;
			files = (
			);
			runOnlyForDeploymentPostprocessing = 0;
		};
		389D2CB92B5E951F00A01148 /* Frameworks */ = {
			isa = PBXFrameworksBuildPhase;
			buildActionMask = 2147483647;
			files = (
			);
			runOnlyForDeploymentPostprocessing = 0;
		};
/* End PBXFrameworksBuildPhase section */

/* Begin PBXGroup section */
		389D2C972B5E951C00A01148 = {
			isa = PBXGroup;
			children = (
				389D2CA22B5E951C00A01148 /* 1 Week Learning */,
				389D2CB52B5E951F00A01148 /* 1 Week LearningTests */,
				389D2CBF2B5E951F00A01148 /* 1 Week LearningUITests */,
				389D2CA12B5E951C00A01148 /* Products */,
			);
			sourceTree = "<group>";
		};
		389D2CA12B5E951C00A01148 /* Products */ = {
			isa = PBXGroup;
			children = (
				389D2CA02B5E951C00A01148 /* 1 Week Learning.app */,
				389D2CB22B5E951F00A01148 /* 1 Week LearningTests.xctest */,
				389D2CBC2B5E951F00A01148 /* 1 Week LearningUITests.xctest */,
			);
			name = Products;
			sourceTree = "<group>";
		};
		389D2CA22B5E951C00A01148 /* 1 Week Learning */ = {
			isa = PBXGroup;
			children = (
				389D2CA32B5E951C00A01148 /* __Week_LearningApp.swift */,
				389D2CA52B5E951C00A01148 /* ContentView.swift */,
				389D2CA72B5E951C00A01148 /* Item.swift */,
				389D2CA92B5E951E00A01148 /* Assets.xcassets */,
				389D2CAB2B5E951E00A01148 /* Preview Content */,
				389D2CCF2B5E99BB00A01148 /* ChecklistView.swift */,
				380895162B61C6960056B2D7 /* FileManaging.swift */,
				380895182B61C85D0056B2D7 /* Macros.swift */,
				381A9E5D2B649DFF005390EA /* Env.swift */,
			);
			path = "1 Week Learning";
			sourceTree = "<group>";
		};
		389D2CAB2B5E951E00A01148 /* Preview Content */ = {
			isa = PBXGroup;
			children = (
				389D2CAC2B5E951E00A01148 /* Preview Assets.xcassets */,
			);
			path = "Preview Content";
			sourceTree = "<group>";
		};
		389D2CB52B5E951F00A01148 /* 1 Week LearningTests */ = {
			isa = PBXGroup;
			children = (
				389D2CB62B5E951F00A01148 /* __Week_LearningTests.swift */,
			);
			path = "1 Week LearningTests";
			sourceTree = "<group>";
		};
		389D2CBF2B5E951F00A01148 /* 1 Week LearningUITests */ = {
			isa = PBXGroup;
			children = (
				389D2CC02B5E951F00A01148 /* __Week_LearningUITests.swift */,
				389D2CC22B5E951F00A01148 /* __Week_LearningUITestsLaunchTests.swift */,
			);
			path = "1 Week LearningUITests";
			sourceTree = "<group>";
		};
/* End PBXGroup section */

/* Begin PBXNativeTarget section */
		389D2C9F2B5E951C00A01148 /* 1 Week Learning */ = {
			isa = PBXNativeTarget;
			buildConfigurationList = 389D2CC62B5E951F00A01148 /* Build configuration list for PBXNativeTarget "1 Week Learning" */;
			buildPhases = (
				389D2C9C2B5E951C00A01148 /* Sources */,
				389D2C9D2B5E951C00A01148 /* Frameworks */,
				389D2C9E2B5E951C00A01148 /* Resources */,
			);
			buildRules = (
			);
			dependencies = (
			);
			name = "1 Week Learning";
			productName = "1 Week Learning";
			productReference = 389D2CA02B5E951C00A01148 /* 1 Week Learning.app */;
			productType = "com.apple.product-type.application";
		};
		389D2CB12B5E951F00A01148 /* 1 Week LearningTests */ = {
			isa = PBXNativeTarget;
			buildConfigurationList = 389D2CC92B5E951F00A01148 /* Build configuration list for PBXNativeTarget "1 Week LearningTests" */;
			buildPhases = (
				389D2CAE2B5E951F00A01148 /* Sources */,
				389D2CAF2B5E951F00A01148 /* Frameworks */,
				389D2CB02B5E951F00A01148 /* Resources */,
			);
			buildRules = (
			);
			dependencies = (
				389D2CB42B5E951F00A01148 /* PBXTargetDependency */,
			);
			name = "1 Week LearningTests";
			productName = "1 Week LearningTests";
			productReference = 389D2CB22B5E951F00A01148 /* 1 Week LearningTests.xctest */;
			productType = "com.apple.product-type.bundle.unit-test";
		};
		389D2CBB2B5E951F00A01148 /* 1 Week LearningUITests */ = {
			isa = PBXNativeTarget;
			buildConfigurationList = 389D2CCC2B5E951F00A01148 /* Build configuration list for PBXNativeTarget "1 Week LearningUITests" */;
			buildPhases = (
				389D2CB82B5E951F00A01148 /* Sources */,
				389D2CB92B5E951F00A01148 /* Frameworks */,
				389D2CBA2B5E951F00A01148 /* Resources */,
			);
			buildRules = (
			);
			dependencies = (
				389D2CBE2B5E951F00A01148 /* PBXTargetDependency */,
			);
			name = "1 Week LearningUITests";
			productName = "1 Week LearningUITests";
			productReference = 389D2CBC2B5E951F00A01148 /* 1 Week LearningUITests.xctest */;
			productType = "com.apple.product-type.bundle.ui-testing";
		};
/* End PBXNativeTarget section */

/* Begin PBXProject section */
		389D2C982B5E951C00A01148 /* Project object */ = {
			isa = PBXProject;
			attributes = {
				BuildIndependentTargetsInParallel = 1;
				LastSwiftUpdateCheck = 1510;
				LastUpgradeCheck = 1510;
				TargetAttributes = {
					389D2C9F2B5E951C00A01148 = {
						CreatedOnToolsVersion = 15.1;
					};
					389D2CB12B5E951F00A01148 = {
						CreatedOnToolsVersion = 15.1;
						TestTargetID = 389D2C9F2B5E951C00A01148;
					};
					389D2CBB2B5E951F00A01148 = {
						CreatedOnToolsVersion = 15.1;
						TestTargetID = 389D2C9F2B5E951C00A01148;
					};
				};
			};
			buildConfigurationList = 389D2C9B2B5E951C00A01148 /* Build configuration list for PBXProject "1 Week Learning" */;
			compatibilityVersion = "Xcode 14.0";
			developmentRegion = en;
			hasScannedForEncodings = 0;
			knownRegions = (
				en,
				Base,
			);
			mainGroup = 389D2C972B5E951C00A01148;
			productRefGroup = 389D2CA12B5E951C00A01148 /* Products */;
			projectDirPath = "";
			projectRoot = "";
			targets = (
				389D2C9F2B5E951C00A01148 /* 1 Week Learning */,
				389D2CB12B5E951F00A01148 /* 1 Week LearningTests */,
				389D2CBB2B5E951F00A01148 /* 1 Week LearningUITests */,
			);
		};
/* End PBXProject section */

/* Begin PBXResourcesBuildPhase section */
		389D2C9E2B5E951C00A01148 /* Resources */ = {
			isa = PBXResourcesBuildPhase;
			buildActionMask = 2147483647;
			files = (
				389D2CAD2B5E951E00A01148 /* Preview Assets.xcassets in Resources */,
				389D2CAA2B5E951E00A01148 /* Assets.xcassets in Resources */,
			);
			runOnlyForDeploymentPostprocessing = 0;
		};
		389D2CB02B5E951F00A01148 /* Resources */ = {
			isa = PBXResourcesBuildPhase;
			buildActionMask = 2147483647;
			files = (
			);
			runOnlyForDeploymentPostprocessing = 0;
		};
		389D2CBA2B5E951F00A01148 /* Resources */ = {
			isa = PBXResourcesBuildPhase;
			buildActionMask = 2147483647;
			files = (
			);
			runOnlyForDeploymentPostprocessing = 0;
		};
/* End PBXResourcesBuildPhase section */

/* Begin PBXSourcesBuildPhase section */
		389D2C9C2B5E951C00A01148 /* Sources */ = {
			isa = PBXSourcesBuildPhase;
			buildActionMask = 2147483647;
			files = (
				380895192B61C85D0056B2D7 /* Macros.swift in Sources */,
				380895172B61C6960056B2D7 /* FileManaging.swift in Sources */,
				389D2CA62B5E951C00A01148 /* ContentView.swift in Sources */,
				389D2CA82B5E951C00A01148 /* Item.swift in Sources */,
				389D2CA42B5E951C00A01148 /* __Week_LearningApp.swift in Sources */,
				389D2CD02B5E99BB00A01148 /* ChecklistView.swift in Sources */,
				381A9E5E2B649DFF005390EA /* Env.swift in Sources */,
			);
			runOnlyForDeploymentPostprocessing = 0;
		};
		389D2CAE2B5E951F00A01148 /* Sources */ = {
			isa = PBXSourcesBuildPhase;
			buildActionMask = 2147483647;
			files = (
				389D2CB72B5E951F00A01148 /* __Week_LearningTests.swift in Sources */,
			);
			runOnlyForDeploymentPostprocessing = 0;
		};
		389D2CB82B5E951F00A01148 /* Sources */ = {
			isa = PBXSourcesBuildPhase;
			buildActionMask = 2147483647;
			files = (
				389D2CC32B5E951F00A01148 /* __Week_LearningUITestsLaunchTests.swift in Sources */,
				389D2CC12B5E951F00A01148 /* __Week_LearningUITests.swift in Sources */,
			);
			runOnlyForDeploymentPostprocessing = 0;
		};
/* End PBXSourcesBuildPhase section */

/* Begin PBXTargetDependency section */
		389D2CB42B5E951F00A01148 /* PBXTargetDependency */ = {
			isa = PBXTargetDependency;
			target = 389D2C9F2B5E951C00A01148 /* 1 Week Learning */;
			targetProxy = 389D2CB32B5E951F00A01148 /* PBXContainerItemProxy */;
		};
		389D2CBE2B5E951F00A01148 /* PBXTargetDependency */ = {
			isa = PBXTargetDependency;
			target = 389D2C9F2B5E951C00A01148 /* 1 Week Learning */;
			targetProxy = 389D2CBD2B5E951F00A01148 /* PBXContainerItemProxy */;
		};
/* End PBXTargetDependency section */

/* Begin XCBuildConfiguration section */
		389D2CC42B5E951F00A01148 /* Debug */ = {
			isa = XCBuildConfiguration;
			buildSettings = {
				ALWAYS_SEARCH_USER_PATHS = NO;
				ASSETCATALOG_COMPILER_GENERATE_SWIFT_ASSET_SYMBOL_EXTENSIONS = YES;
				CLANG_ANALYZER_NONNULL = YES;
				CLANG_ANALYZER_NUMBER_OBJECT_CONVERSION = YES_AGGRESSIVE;
				CLANG_CXX_LANGUAGE_STANDARD = "gnu++20";
				CLANG_ENABLE_MODULES = YES;
				CLANG_ENABLE_OBJC_ARC = YES;
				CLANG_ENABLE_OBJC_WEAK = YES;
				CLANG_WARN_BLOCK_CAPTURE_AUTORELEASING = YES;
				CLANG_WARN_BOOL_CONVERSION = YES;
				CLANG_WARN_COMMA = YES;
				CLANG_WARN_CONSTANT_CONVERSION = YES;
				CLANG_WARN_DEPRECATED_OBJC_IMPLEMENTATIONS = YES;
				CLANG_WARN_DIRECT_OBJC_ISA_USAGE = YES_ERROR;
				CLANG_WARN_DOCUMENTATION_COMMENTS = YES;
				CLANG_WARN_EMPTY_BODY = YES;
				CLANG_WARN_ENUM_CONVERSION = YES;
				CLANG_WARN_INFINITE_RECURSION = YES;
				CLANG_WARN_INT_CONVERSION = YES;
				CLANG_WARN_NON_LITERAL_NULL_CONVERSION = YES;
				CLANG_WARN_OBJC_IMPLICIT_RETAIN_SELF = YES;
				CLANG_WARN_OBJC_LITERAL_CONVERSION = YES;
				CLANG_WARN_OBJC_ROOT_CLASS = YES_ERROR;
				CLANG_WARN_QUOTED_INCLUDE_IN_FRAMEWORK_HEADER = YES;
				CLANG_WARN_RANGE_LOOP_ANALYSIS = YES;
				CLANG_WARN_STRICT_PROTOTYPES = YES;
				CLANG_WARN_SUSPICIOUS_MOVE = YES;
				CLANG_WARN_UNGUARDED_AVAILABILITY = YES_AGGRESSIVE;
				CLANG_WARN_UNREACHABLE_CODE = YES;
				CLANG_WARN__DUPLICATE_METHOD_MATCH = YES;
				COPY_PHASE_STRIP = NO;
				DEBUG_INFORMATION_FORMAT = dwarf;
				ENABLE_STRICT_OBJC_MSGSEND = YES;
				ENABLE_TESTABILITY = YES;
				ENABLE_USER_SCRIPT_SANDBOXING = YES;
				GCC_C_LANGUAGE_STANDARD = gnu17;
				GCC_DYNAMIC_NO_PIC = NO;
				GCC_NO_COMMON_BLOCKS = YES;
				GCC_OPTIMIZATION_LEVEL = 0;
				GCC_PREPROCESSOR_DEFINITIONS = (
					"DEBUG=1",
					"$(inherited)",
				);
				GCC_WARN_64_TO_32_BIT_CONVERSION = YES;
				GCC_WARN_ABOUT_RETURN_TYPE = YES_ERROR;
				GCC_WARN_UNDECLARED_SELECTOR = YES;
				GCC_WARN_UNINITIALIZED_AUTOS = YES_AGGRESSIVE;
				GCC_WARN_UNUSED_FUNCTION = YES;
				GCC_WARN_UNUSED_VARIABLE = YES;
				IPHONEOS_DEPLOYMENT_TARGET = 17.2;
				LOCALIZATION_PREFERS_STRING_CATALOGS = YES;
				MTL_ENABLE_DEBUG_INFO = INCLUDE_SOURCE;
				MTL_FAST_MATH = YES;
				ONLY_ACTIVE_ARCH = YES;
				SDKROOT = iphoneos;
				SWIFT_ACTIVE_COMPILATION_CONDITIONS = "DEBUG $(inherited)";
				SWIFT_OPTIMIZATION_LEVEL = "-Onone";
			};
			name = Debug;
		};
		389D2CC52B5E951F00A01148 /* Release */ = {
			isa = XCBuildConfiguration;
			buildSettings = {
				ALWAYS_SEARCH_USER_PATHS = NO;
				ASSETCATALOG_COMPILER_GENERATE_SWIFT_ASSET_SYMBOL_EXTENSIONS = YES;
				CLANG_ANALYZER_NONNULL = YES;
				CLANG_ANALYZER_NUMBER_OBJECT_CONVERSION = YES_AGGRESSIVE;
				CLANG_CXX_LANGUAGE_STANDARD = "gnu++20";
				CLANG_ENABLE_MODULES = YES;
				CLANG_ENABLE_OBJC_ARC = YES;
				CLANG_ENABLE_OBJC_WEAK = YES;
				CLANG_WARN_BLOCK_CAPTURE_AUTORELEASING = YES;
				CLANG_WARN_BOOL_CONVERSION = YES;
				CLANG_WARN_COMMA = YES;
				CLANG_WARN_CONSTANT_CONVERSION = YES;
				CLANG_WARN_DEPRECATED_OBJC_IMPLEMENTATIONS = YES;
				CLANG_WARN_DIRECT_OBJC_ISA_USAGE = YES_ERROR;
				CLANG_WARN_DOCUMENTATION_COMMENTS = YES;
				CLANG_WARN_EMPTY_BODY = YES;
				CLANG_WARN_ENUM_CONVERSION = YES;
				CLANG_WARN_INFINITE_RECURSION = YES;
				CLANG_WARN_INT_CONVERSION = YES;
				CLANG_WARN_NON_LITERAL_NULL_CONVERSION = YES;
				CLANG_WARN_OBJC_IMPLICIT_RETAIN_SELF = YES;
				CLANG_WARN_OBJC_LITERAL_CONVERSION = YES;
				CLANG_WARN_OBJC_ROOT_CLASS = YES_ERROR;
				CLANG_WARN_QUOTED_INCLUDE_IN_FRAMEWORK_HEADER = YES;
				CLANG_WARN_RANGE_LOOP_ANALYSIS = YES;
				CLANG_WARN_STRICT_PROTOTYPES = YES;
				CLANG_WARN_SUSPICIOUS_MOVE = YES;
				CLANG_WARN_UNGUARDED_AVAILABILITY = YES_AGGRESSIVE;
				CLANG_WARN_UNREACHABLE_CODE = YES;
				CLANG_WARN__DUPLICATE_METHOD_MATCH = YES;
				COPY_PHASE_STRIP = NO;
				DEBUG_INFORMATION_FORMAT = "dwarf-with-dsym";
				ENABLE_NS_ASSERTIONS = NO;
				ENABLE_STRICT_OBJC_MSGSEND = YES;
				ENABLE_USER_SCRIPT_SANDBOXING = YES;
				GCC_C_LANGUAGE_STANDARD = gnu17;
				GCC_NO_COMMON_BLOCKS = YES;
				GCC_WARN_64_TO_32_BIT_CONVERSION = YES;
				GCC_WARN_ABOUT_RETURN_TYPE = YES_ERROR;
				GCC_WARN_UNDECLARED_SELECTOR = YES;
				GCC_WARN_UNINITIALIZED_AUTOS = YES_AGGRESSIVE;
				GCC_WARN_UNUSED_FUNCTION = YES;
				GCC_WARN_UNUSED_VARIABLE = YES;
				IPHONEOS_DEPLOYMENT_TARGET = 17.2;
				LOCALIZATION_PREFERS_STRING_CATALOGS = YES;
				MTL_ENABLE_DEBUG_INFO = NO;
				MTL_FAST_MATH = YES;
				SDKROOT = iphoneos;
				SWIFT_COMPILATION_MODE = wholemodule;
				VALIDATE_PRODUCT = YES;
			};
			name = Release;
		};
		389D2CC72B5E951F00A01148 /* Debug */ = {
			isa = XCBuildConfiguration;
			buildSettings = {
				ASSETCATALOG_COMPILER_APPICON_NAME = AppIcon;
				ASSETCATALOG_COMPILER_GLOBAL_ACCENT_COLOR_NAME = AccentColor;
				CODE_SIGN_STYLE = Automatic;
				CURRENT_PROJECT_VERSION = 1;
				DEVELOPMENT_ASSET_PATHS = "\"1 Week Learning/Preview Content\"";
				DEVELOPMENT_TEAM = 65X4VRBXZL;
				ENABLE_PREVIEWS = YES;
				GENERATE_INFOPLIST_FILE = YES;
				INFOPLIST_KEY_UIApplicationSceneManifest_Generation = YES;
				INFOPLIST_KEY_UIApplicationSupportsIndirectInputEvents = YES;
				INFOPLIST_KEY_UILaunchScreen_Generation = YES;
				INFOPLIST_KEY_UISupportedInterfaceOrientations_iPad = "UIInterfaceOrientationPortrait UIInterfaceOrientationPortraitUpsideDown UIInterfaceOrientationLandscapeLeft UIInterfaceOrientationLandscapeRight";
				INFOPLIST_KEY_UISupportedInterfaceOrientations_iPhone = "UIInterfaceOrientationPortrait UIInterfaceOrientationLandscapeLeft UIInterfaceOrientationLandscapeRight";
				LD_RUNPATH_SEARCH_PATHS = (
					"$(inherited)",
					"@executable_path/Frameworks",
				);
				MARKETING_VERSION = 1.0;
				PRODUCT_BUNDLE_IDENTIFIER = "Eclass.--Week-Learning";
				PRODUCT_NAME = "$(TARGET_NAME)";
				SWIFT_EMIT_LOC_STRINGS = YES;
				SWIFT_VERSION = 5.0;
				TARGETED_DEVICE_FAMILY = "1,2";
			};
			name = Debug;
		};
		389D2CC82B5E951F00A01148 /* Release */ = {
			isa = XCBuildConfiguration;
			buildSettings = {
				ASSETCATALOG_COMPILER_APPICON_NAME = AppIcon;
				ASSETCATALOG_COMPILER_GLOBAL_ACCENT_COLOR_NAME = AccentColor;
				CODE_SIGN_STYLE = Automatic;
				CURRENT_PROJECT_VERSION = 1;
				DEVELOPMENT_ASSET_PATHS = "\"1 Week Learning/Preview Content\"";
				DEVELOPMENT_TEAM = 65X4VRBXZL;
				ENABLE_PREVIEWS = YES;
				GENERATE_INFOPLIST_FILE = YES;
				INFOPLIST_KEY_UIApplicationSceneManifest_Generation = YES;
				INFOPLIST_KEY_UIApplicationSupportsIndirectInputEvents = YES;
				INFOPLIST_KEY_UILaunchScreen_Generation = YES;
				INFOPLIST_KEY_UISupportedInterfaceOrientations_iPad = "UIInterfaceOrientationPortrait UIInterfaceOrientationPortraitUpsideDown UIInterfaceOrientationLandscapeLeft UIInterfaceOrientationLandscapeRight";
				INFOPLIST_KEY_UISupportedInterfaceOrientations_iPhone = "UIInterfaceOrientationPortrait UIInterfaceOrientationLandscapeLeft UIInterfaceOrientationLandscapeRight";
				LD_RUNPATH_SEARCH_PATHS = (
					"$(inherited)",
					"@executable_path/Frameworks",
				);
				MARKETING_VERSION = 1.0;
				PRODUCT_BUNDLE_IDENTIFIER = "Eclass.--Week-Learning";
				PRODUCT_NAME = "$(TARGET_NAME)";
				SWIFT_EMIT_LOC_STRINGS = YES;
				SWIFT_VERSION = 5.0;
				TARGETED_DEVICE_FAMILY = "1,2";
			};
			name = Release;
		};
		389D2CCA2B5E951F00A01148 /* Debug */ = {
			isa = XCBuildConfiguration;
			buildSettings = {
				ALWAYS_EMBED_SWIFT_STANDARD_LIBRARIES = YES;
				BUNDLE_LOADER = "$(TEST_HOST)";
				CODE_SIGN_STYLE = Automatic;
				CURRENT_PROJECT_VERSION = 1;
				DEVELOPMENT_TEAM = 65X4VRBXZL;
				GENERATE_INFOPLIST_FILE = YES;
				IPHONEOS_DEPLOYMENT_TARGET = 17.2;
				MARKETING_VERSION = 1.0;
				PRODUCT_BUNDLE_IDENTIFIER = "Eclass.--Week-LearningTests";
				PRODUCT_NAME = "$(TARGET_NAME)";
				SWIFT_EMIT_LOC_STRINGS = NO;
				SWIFT_VERSION = 5.0;
				TARGETED_DEVICE_FAMILY = "1,2";
				TEST_HOST = "$(BUILT_PRODUCTS_DIR)/1 Week Learning.app/$(BUNDLE_EXECUTABLE_FOLDER_PATH)/1 Week Learning";
			};
			name = Debug;
		};
		389D2CCB2B5E951F00A01148 /* Release */ = {
			isa = XCBuildConfiguration;
			buildSettings = {
				ALWAYS_EMBED_SWIFT_STANDARD_LIBRARIES = YES;
				BUNDLE_LOADER = "$(TEST_HOST)";
				CODE_SIGN_STYLE = Automatic;
				CURRENT_PROJECT_VERSION = 1;
				DEVELOPMENT_TEAM = 65X4VRBXZL;
				GENERATE_INFOPLIST_FILE = YES;
				IPHONEOS_DEPLOYMENT_TARGET = 17.2;
				MARKETING_VERSION = 1.0;
				PRODUCT_BUNDLE_IDENTIFIER = "Eclass.--Week-LearningTests";
				PRODUCT_NAME = "$(TARGET_NAME)";
				SWIFT_EMIT_LOC_STRINGS = NO;
				SWIFT_VERSION = 5.0;
				TARGETED_DEVICE_FAMILY = "1,2";
				TEST_HOST = "$(BUILT_PRODUCTS_DIR)/1 Week Learning.app/$(BUNDLE_EXECUTABLE_FOLDER_PATH)/1 Week Learning";
			};
			name = Release;
		};
		389D2CCD2B5E951F00A01148 /* Debug */ = {
			isa = XCBuildConfiguration;
			buildSettings = {
				ALWAYS_EMBED_SWIFT_STANDARD_LIBRARIES = YES;
				CODE_SIGN_STYLE = Automatic;
				CURRENT_PROJECT_VERSION = 1;
				DEVELOPMENT_TEAM = 65X4VRBXZL;
				GENERATE_INFOPLIST_FILE = YES;
				MARKETING_VERSION = 1.0;
				PRODUCT_BUNDLE_IDENTIFIER = "Eclass.--Week-LearningUITests";
				PRODUCT_NAME = "$(TARGET_NAME)";
				SWIFT_EMIT_LOC_STRINGS = NO;
				SWIFT_VERSION = 5.0;
				TARGETED_DEVICE_FAMILY = "1,2";
				TEST_TARGET_NAME = "1 Week Learning";
			};
			name = Debug;
		};
		389D2CCE2B5E951F00A01148 /* Release */ = {
			isa = XCBuildConfiguration;
			buildSettings = {
				ALWAYS_EMBED_SWIFT_STANDARD_LIBRARIES = YES;
				CODE_SIGN_STYLE = Automatic;
				CURRENT_PROJECT_VERSION = 1;
				DEVELOPMENT_TEAM = 65X4VRBXZL;
				GENERATE_INFOPLIST_FILE = YES;
				MARKETING_VERSION = 1.0;
				PRODUCT_BUNDLE_IDENTIFIER = "Eclass.--Week-LearningUITests";
				PRODUCT_NAME = "$(TARGET_NAME)";
				SWIFT_EMIT_LOC_STRINGS = NO;
				SWIFT_VERSION = 5.0;
				TARGETED_DEVICE_FAMILY = "1,2";
				TEST_TARGET_NAME = "1 Week Learning";
			};
			name = Release;
		};
/* End XCBuildConfiguration section */

/* Begin XCConfigurationList section */
		389D2C9B2B5E951C00A01148 /* Build configuration list for PBXProject "1 Week Learning" */ = {
			isa = XCConfigurationList;
			buildConfigurations = (
				389D2CC42B5E951F00A01148 /* Debug */,
				389D2CC52B5E951F00A01148 /* Release */,
			);
			defaultConfigurationIsVisible = 0;
			defaultConfigurationName = Release;
		};
		389D2CC62B5E951F00A01148 /* Build configuration list for PBXNativeTarget "1 Week Learning" */ = {
			isa = XCConfigurationList;
			buildConfigurations = (
				389D2CC72B5E951F00A01148 /* Debug */,
				389D2CC82B5E951F00A01148 /* Release */,
			);
			defaultConfigurationIsVisible = 0;
			defaultConfigurationName = Release;
		};
		389D2CC92B5E951F00A01148 /* Build configuration list for PBXNativeTarget "1 Week LearningTests" */ = {
			isa = XCConfigurationList;
			buildConfigurations = (
				389D2CCA2B5E951F00A01148 /* Debug */,
				389D2CCB2B5E951F00A01148 /* Release */,
			);
			defaultConfigurationIsVisible = 0;
			defaultConfigurationName = Release;
		};
		389D2CCC2B5E951F00A01148 /* Build configuration list for PBXNativeTarget "1 Week LearningUITests" */ = {
			isa = XCConfigurationList;
			buildConfigurations = (
				389D2CCD2B5E951F00A01148 /* Debug */,
				389D2CCE2B5E951F00A01148 /* Release */,
			);
			defaultConfigurationIsVisible = 0;
			defaultConfigurationName = Release;
		};
/* End XCConfigurationList section */
	};
	rootObject = 389D2C982B5E951C00A01148 /* Project object */;
}
